
Microsoft Visual Studio Solution File, Format Version 12.00
# Visual Studio Version 17
VisualStudioVersion = 17.9.34414.90
MinimumVisualStudioVersion = 10.0.40219.1
Project("{9A19103F-16F7-4668-BE54-9A1E7A4F7556}") = "Week3Lab", "Week3Lab\Week3Lab.csproj", "{B3C8099C-1299-4997-900F-72C5375F8DEE}"
EndProject
Project("{2150E333-8FDC-42A3-9474-1A3956D46DE8}") = "Solution", "Solution", "{94224AFD-FFC2-4A01-AB57-D36CDCCACEDC}"
	ProjectSection(SolutionItems) = preProject
		Example.png = Example.png
		LICENSE.txt = LICENSE.txt
		README.md = README.md
	EndProjectSection
EndProject
Project("{FAE04EC0-301F-11D3-BF4B-00C04F79EFBC}") = "TodoApi", "TodoApi\TodoApi.csproj", "{D84A6091-7F46-43FD-A776-B24567A97ABA}"
EndProject
Global
	GlobalSection(SolutionConfigurationPlatforms) = preSolution
		Debug|Any CPU = Debug|Any CPU
		Release|Any CPU = Release|Any CPU
	EndGlobalSection
	GlobalSection(ProjectConfigurationPlatforms) = postSolution
		{B3C8099C-1299-4997-900F-72C5375F8DEE}.Debug|Any CPU.ActiveCfg = Debug|Any CPU
		{B3C8099C-1299-4997-900F-72C5375F8DEE}.Debug|Any CPU.Build.0 = Debug|Any CPU
		{B3C8099C-1299-4997-900F-72C5375F8DEE}.Debug|Any CPU.Deploy.0 = Debug|Any CPU
		{B3C8099C-1299-4997-900F-72C5375F8DEE}.Release|Any CPU.ActiveCfg = Release|Any CPU
		{B3C8099C-1299-4997-900F-72C5375F8DEE}.Release|Any CPU.Build.0 = Release|Any CPU
		{B3C8099C-1299-4997-900F-72C5375F8DEE}.Release|Any CPU.Deploy.0 = Release|Any CPU
		{D84A6091-7F46-43FD-A776-B24567A97ABA}.Debug|Any CPU.ActiveCfg = Debug|Any CPU
		{D84A6091-7F46-43FD-A776-B24567A97ABA}.Debug|Any CPU.Build.0 = Debug|Any CPU
		{D84A6091-7F46-43FD-A776-B24567A97ABA}.Release|Any CPU.ActiveCfg = Release|Any CPU
		{D84A6091-7F46-43FD-A776-B24567A97ABA}.Release|Any CPU.Build.0 = Release|Any CPU
	EndGlobalSection
	GlobalSection(SolutionProperties) = preSolution
		HideSolutionNode = FALSE
	EndGlobalSection
	GlobalSection(ExtensibilityGlobals) = postSolution
		SolutionGuid = {8AD6188B-7F69-40FD-A566-7760956807F7}
	EndGlobalSection
EndGlobal
